
Microsoft Visual Studio Solution File, Format Version 12.00
# Visual Studio 15
VisualStudioVersion = 15.0.27703.2042
MinimumVisualStudioVersion = 10.0.40219.1
Project("{FAE04EC0-301F-11D3-BF4B-00C04F79EFBC}") = "Flightscraper.Spa", "Flightscraper.Spa\Flightscraper.Spa.csproj", "{ADAED825-A525-4E15-A162-FCCE0B535797}"
EndProject
Project("{FAE04EC0-301F-11D3-BF4B-00C04F79EFBC}") = "FlightScraper.UnitTests", "FlightScraper.UnitTests\FlightScraper.UnitTests.csproj", "{A0D4A073-E3B7-431B-A9C4-903B6F9149CB}"
EndProject
Global
	GlobalSection(SolutionConfigurationPlatforms) = preSolution
		Debug|Any CPU = Debug|Any CPU
		Release|Any CPU = Release|Any CPU
	EndGlobalSection
	GlobalSection(ProjectConfigurationPlatforms) = postSolution
		{ADAED825-A525-4E15-A162-FCCE0B535797}.Debug|Any CPU.ActiveCfg = Debug|Any CPU
		{ADAED825-A525-4E15-A162-FCCE0B535797}.Debug|Any CPU.Build.0 = Debug|Any CPU
		{ADAED825-A525-4E15-A162-FCCE0B535797}.Release|Any CPU.ActiveCfg = Release|Any CPU
		{ADAED825-A525-4E15-A162-FCCE0B535797}.Release|Any CPU.Build.0 = Release|Any CPU
		{A0D4A073-E3B7-431B-A9C4-903B6F9149CB}.Debug|Any CPU.ActiveCfg = Debug|Any CPU
		{A0D4A073-E3B7-431B-A9C4-903B6F9149CB}.Debug|Any CPU.Build.0 = Debug|Any CPU
		{A0D4A073-E3B7-431B-A9C4-903B6F9149CB}.Release|Any CPU.ActiveCfg = Release|Any CPU
		{A0D4A073-E3B7-431B-A9C4-903B6F9149CB}.Release|Any CPU.Build.0 = Release|Any CPU
	EndGlobalSection
	GlobalSection(SolutionProperties) = preSolution
		HideSolutionNode = FALSE
	EndGlobalSection
	GlobalSection(ExtensibilityGlobals) = postSolution
		SolutionGuid = {A1883945-6475-435B-8FDC-0A4789917E16}
	EndGlobalSection
EndGlobal
